// !$*UTF8*$!
{
	archiveVersion = 1;
	classes = {
	};
	objectVersion = 55;
	objects = {

/* Begin PBXBuildFile section */
		6E0EC7B15D326B3A030D8968 /* Pods_DuckyMusic_DuckyMusicUITests.framework in Frameworks */ = {isa = PBXBuildFile; fileRef = 5834547810DC520CD3C52B72 /* Pods_DuckyMusic_DuckyMusicUITests.framework */; };
		7E47B7A524ADDB903226E036 /* Pods_DuckyMusicTests.framework in Frameworks */ = {isa = PBXBuildFile; fileRef = EF7C95350C87155568E4A672 /* Pods_DuckyMusicTests.framework */; };
		AF2D9B722878410D009B39A5 /* Album.swift in Sources */ = {isa = PBXBuildFile; fileRef = AF2D9B712878410D009B39A5 /* Album.swift */; };
		AF2D9B7428784114009B39A5 /* Artist.swift in Sources */ = {isa = PBXBuildFile; fileRef = AF2D9B7328784114009B39A5 /* Artist.swift */; };
		AF3C202F287847C40070D6BD /* BaseRouter.swift in Sources */ = {isa = PBXBuildFile; fileRef = AF3C202E287847C40070D6BD /* BaseRouter.swift */; };
		AF3C20312878480E0070D6BD /* AlbumRouter.swift in Sources */ = {isa = PBXBuildFile; fileRef = AF3C20302878480E0070D6BD /* AlbumRouter.swift */; };
		AF3C2033287BD1BF0070D6BD /* SpotifyAuth.swift in Sources */ = {isa = PBXBuildFile; fileRef = AF3C2032287BD1BF0070D6BD /* SpotifyAuth.swift */; };
		AF3C2036287BD5BA0070D6BD /* NewReleaseViewController.swift in Sources */ = {isa = PBXBuildFile; fileRef = AF3C2034287BD5BA0070D6BD /* NewReleaseViewController.swift */; };
		AF3C2037287BD5BA0070D6BD /* NewReleaseViewController.xib in Resources */ = {isa = PBXBuildFile; fileRef = AF3C2035287BD5BA0070D6BD /* NewReleaseViewController.xib */; };
		AF3C203A287BD6570070D6BD /* AlbumCellCollectionViewCell.swift in Sources */ = {isa = PBXBuildFile; fileRef = AF3C2038287BD6570070D6BD /* AlbumCellCollectionViewCell.swift */; };
		AF3C203B287BD6570070D6BD /* AlbumCellCollectionViewCell.xib in Resources */ = {isa = PBXBuildFile; fileRef = AF3C2039287BD6570070D6BD /* AlbumCellCollectionViewCell.xib */; };
		AF3FFE03288ABE2C0060E94A /* SpotifyAuthModel.swift in Sources */ = {isa = PBXBuildFile; fileRef = AF3FFE02288ABE2C0060E94A /* SpotifyAuthModel.swift */; };
		AF3FFE05288ABE770060E94A /* AlbumRouterModel.swift in Sources */ = {isa = PBXBuildFile; fileRef = AF3FFE04288ABE770060E94A /* AlbumRouterModel.swift */; };
		AF3FFE07288ABEDD0060E94A /* BaseRouterModel.swift in Sources */ = {isa = PBXBuildFile; fileRef = AF3FFE06288ABEDD0060E94A /* BaseRouterModel.swift */; };
		AF7102DF2877E63200583E29 /* AppDelegate.swift in Sources */ = {isa = PBXBuildFile; fileRef = AF7102DE2877E63200583E29 /* AppDelegate.swift */; };
		AF7102E12877E63200583E29 /* SceneDelegate.swift in Sources */ = {isa = PBXBuildFile; fileRef = AF7102E02877E63200583E29 /* SceneDelegate.swift */; };
		AF7102E82877E63400583E29 /* Assets.xcassets in Resources */ = {isa = PBXBuildFile; fileRef = AF7102E72877E63400583E29 /* Assets.xcassets */; };
		AF7102EB2877E63400583E29 /* LaunchScreen.storyboard in Resources */ = {isa = PBXBuildFile; fileRef = AF7102E92877E63400583E29 /* LaunchScreen.storyboard */; };
		AF7102F62877E63400583E29 /* DuckyMusicTests.swift in Sources */ = {isa = PBXBuildFile; fileRef = AF7102F52877E63400583E29 /* DuckyMusicTests.swift */; };
		AF7103002877E63400583E29 /* DuckyMusicUITests.swift in Sources */ = {isa = PBXBuildFile; fileRef = AF7102FF2877E63400583E29 /* DuckyMusicUITests.swift */; };
		AF7103022877E63400583E29 /* DuckyMusicUITestsLaunchTests.swift in Sources */ = {isa = PBXBuildFile; fileRef = AF7103012877E63400583E29 /* DuckyMusicUITestsLaunchTests.swift */; };
		AF7103102877E6FB00583E29 /* AudioPlayerViewController.swift in Sources */ = {isa = PBXBuildFile; fileRef = AF71030E2877E6FB00583E29 /* AudioPlayerViewController.swift */; };
		AF7103112877E6FB00583E29 /* AudioPlayerViewController.xib in Resources */ = {isa = PBXBuildFile; fileRef = AF71030F2877E6FB00583E29 /* AudioPlayerViewController.xib */; };
		AFF93373287C0289002A45A2 /* MainCoordinator.swift in Sources */ = {isa = PBXBuildFile; fileRef = AFF93372287C0289002A45A2 /* MainCoordinator.swift */; };
		AFF93375287C04E6002A45A2 /* Track.swift in Sources */ = {isa = PBXBuildFile; fileRef = AFF93374287C04E6002A45A2 /* Track.swift */; };
		AFF93379287E6E52002A45A2 /* PlayListViewController.swift in Sources */ = {isa = PBXBuildFile; fileRef = AFF93377287E6E52002A45A2 /* PlayListViewController.swift */; };
		AFF9337A287E6E52002A45A2 /* PlayListViewController.xib in Resources */ = {isa = PBXBuildFile; fileRef = AFF93378287E6E52002A45A2 /* PlayListViewController.xib */; };
		AFF9337D287E6EA3002A45A2 /* TrackCell.swift in Sources */ = {isa = PBXBuildFile; fileRef = AFF9337B287E6EA3002A45A2 /* TrackCell.swift */; };
		AFF9337E287E6EA3002A45A2 /* TrackCell.xib in Resources */ = {isa = PBXBuildFile; fileRef = AFF9337C287E6EA3002A45A2 /* TrackCell.xib */; };
		AFF93381287E84C5002A45A2 /* Double.ext.swift in Sources */ = {isa = PBXBuildFile; fileRef = AFF93380287E84C5002A45A2 /* Double.ext.swift */; };
		AFF93383287EA5F0002A45A2 /* AudioPlayerViewModel.swift in Sources */ = {isa = PBXBuildFile; fileRef = AFF93382287EA5F0002A45A2 /* AudioPlayerViewModel.swift */; };
		AFF93387287EB53C002A45A2 /* LoadingViewController.swift in Sources */ = {isa = PBXBuildFile; fileRef = AFF93385287EB53C002A45A2 /* LoadingViewController.swift */; };
		AFF93388287EB53C002A45A2 /* LoadingViewController.xib in Resources */ = {isa = PBXBuildFile; fileRef = AFF93386287EB53C002A45A2 /* LoadingViewController.xib */; };
		AFF9338A287EB5E5002A45A2 /* ViewController.ext.swift in Sources */ = {isa = PBXBuildFile; fileRef = AFF93389287EB5E5002A45A2 /* ViewController.ext.swift */; };
		D54DECFA4C6F2FD0873018F4 /* Pods_DuckyMusic.framework in Frameworks */ = {isa = PBXBuildFile; fileRef = FA3E8AC8B32992FC68DD0A59 /* Pods_DuckyMusic.framework */; };
/* End PBXBuildFile section */

/* Begin PBXContainerItemProxy section */
		AF7102F22877E63400583E29 /* PBXContainerItemProxy */ = {
			isa = PBXContainerItemProxy;
			containerPortal = AF7102D32877E63200583E29 /* Project object */;
			proxyType = 1;
			remoteGlobalIDString = AF7102DA2877E63200583E29;
			remoteInfo = DuckyMusic;
		};
		AF7102FC2877E63400583E29 /* PBXContainerItemProxy */ = {
			isa = PBXContainerItemProxy;
			containerPortal = AF7102D32877E63200583E29 /* Project object */;
			proxyType = 1;
			remoteGlobalIDString = AF7102DA2877E63200583E29;
			remoteInfo = DuckyMusic;
		};
/* End PBXContainerItemProxy section */

/* Begin PBXFileReference section */
		0082E0B20F313A5AE856BCF7 /* Pods-DuckyMusic-DuckyMusicUITests.release.xcconfig */ = {isa = PBXFileReference; includeInIndex = 1; lastKnownFileType = text.xcconfig; name = "Pods-DuckyMusic-DuckyMusicUITests.release.xcconfig"; path = "Target Support Files/Pods-DuckyMusic-DuckyMusicUITests/Pods-DuckyMusic-DuckyMusicUITests.release.xcconfig"; sourceTree = "<group>"; };
		0AED8E0B901C0160CA49AF94 /* Pods-DuckyMusic.release.xcconfig */ = {isa = PBXFileReference; includeInIndex = 1; lastKnownFileType = text.xcconfig; name = "Pods-DuckyMusic.release.xcconfig"; path = "Target Support Files/Pods-DuckyMusic/Pods-DuckyMusic.release.xcconfig"; sourceTree = "<group>"; };
		2BAA6E788A9FF9C077CD3587 /* Pods-DuckyMusicTests.release.xcconfig */ = {isa = PBXFileReference; includeInIndex = 1; lastKnownFileType = text.xcconfig; name = "Pods-DuckyMusicTests.release.xcconfig"; path = "Target Support Files/Pods-DuckyMusicTests/Pods-DuckyMusicTests.release.xcconfig"; sourceTree = "<group>"; };
		2E624C886723CFC1E8F059F5 /* Pods-DuckyMusicTests.debug.xcconfig */ = {isa = PBXFileReference; includeInIndex = 1; lastKnownFileType = text.xcconfig; name = "Pods-DuckyMusicTests.debug.xcconfig"; path = "Target Support Files/Pods-DuckyMusicTests/Pods-DuckyMusicTests.debug.xcconfig"; sourceTree = "<group>"; };
		5834547810DC520CD3C52B72 /* Pods_DuckyMusic_DuckyMusicUITests.framework */ = {isa = PBXFileReference; explicitFileType = wrapper.framework; includeInIndex = 0; path = Pods_DuckyMusic_DuckyMusicUITests.framework; sourceTree = BUILT_PRODUCTS_DIR; };
		7E902E50E1D03331592D2EFD /* Pods-DuckyMusic.debug.xcconfig */ = {isa = PBXFileReference; includeInIndex = 1; lastKnownFileType = text.xcconfig; name = "Pods-DuckyMusic.debug.xcconfig"; path = "Target Support Files/Pods-DuckyMusic/Pods-DuckyMusic.debug.xcconfig"; sourceTree = "<group>"; };
		9A6EB1F57155E2C3B45AF0BF /* Pods-DuckyMusic-DuckyMusicUITests.debug.xcconfig */ = {isa = PBXFileReference; includeInIndex = 1; lastKnownFileType = text.xcconfig; name = "Pods-DuckyMusic-DuckyMusicUITests.debug.xcconfig"; path = "Target Support Files/Pods-DuckyMusic-DuckyMusicUITests/Pods-DuckyMusic-DuckyMusicUITests.debug.xcconfig"; sourceTree = "<group>"; };
		AF2D9B712878410D009B39A5 /* Album.swift */ = {isa = PBXFileReference; lastKnownFileType = sourcecode.swift; path = Album.swift; sourceTree = "<group>"; };
		AF2D9B7328784114009B39A5 /* Artist.swift */ = {isa = PBXFileReference; lastKnownFileType = sourcecode.swift; path = Artist.swift; sourceTree = "<group>"; };
		AF3C202E287847C40070D6BD /* BaseRouter.swift */ = {isa = PBXFileReference; lastKnownFileType = sourcecode.swift; path = BaseRouter.swift; sourceTree = "<group>"; };
		AF3C20302878480E0070D6BD /* AlbumRouter.swift */ = {isa = PBXFileReference; lastKnownFileType = sourcecode.swift; path = AlbumRouter.swift; sourceTree = "<group>"; };
		AF3C2032287BD1BF0070D6BD /* SpotifyAuth.swift */ = {isa = PBXFileReference; lastKnownFileType = sourcecode.swift; path = SpotifyAuth.swift; sourceTree = "<group>"; };
		AF3C2034287BD5BA0070D6BD /* NewReleaseViewController.swift */ = {isa = PBXFileReference; lastKnownFileType = sourcecode.swift; path = NewReleaseViewController.swift; sourceTree = "<group>"; };
		AF3C2035287BD5BA0070D6BD /* NewReleaseViewController.xib */ = {isa = PBXFileReference; lastKnownFileType = file.xib; path = NewReleaseViewController.xib; sourceTree = "<group>"; };
		AF3C2038287BD6570070D6BD /* AlbumCellCollectionViewCell.swift */ = {isa = PBXFileReference; lastKnownFileType = sourcecode.swift; path = AlbumCellCollectionViewCell.swift; sourceTree = "<group>"; };
		AF3C2039287BD6570070D6BD /* AlbumCellCollectionViewCell.xib */ = {isa = PBXFileReference; lastKnownFileType = file.xib; path = AlbumCellCollectionViewCell.xib; sourceTree = "<group>"; };
		AF3FFE02288ABE2C0060E94A /* SpotifyAuthModel.swift */ = {isa = PBXFileReference; lastKnownFileType = sourcecode.swift; path = SpotifyAuthModel.swift; sourceTree = "<group>"; };
		AF3FFE04288ABE770060E94A /* AlbumRouterModel.swift */ = {isa = PBXFileReference; lastKnownFileType = sourcecode.swift; path = AlbumRouterModel.swift; sourceTree = "<group>"; };
		AF3FFE06288ABEDD0060E94A /* BaseRouterModel.swift */ = {isa = PBXFileReference; lastKnownFileType = sourcecode.swift; path = BaseRouterModel.swift; sourceTree = "<group>"; };
		AF7102DB2877E63200583E29 /* DuckyMusic.app */ = {isa = PBXFileReference; explicitFileType = wrapper.application; includeInIndex = 0; path = DuckyMusic.app; sourceTree = BUILT_PRODUCTS_DIR; };
		AF7102DE2877E63200583E29 /* AppDelegate.swift */ = {isa = PBXFileReference; lastKnownFileType = sourcecode.swift; path = AppDelegate.swift; sourceTree = "<group>"; };
		AF7102E02877E63200583E29 /* SceneDelegate.swift */ = {isa = PBXFileReference; lastKnownFileType = sourcecode.swift; path = SceneDelegate.swift; sourceTree = "<group>"; };
		AF7102E72877E63400583E29 /* Assets.xcassets */ = {isa = PBXFileReference; lastKnownFileType = folder.assetcatalog; path = Assets.xcassets; sourceTree = "<group>"; };
		AF7102EA2877E63400583E29 /* Base */ = {isa = PBXFileReference; lastKnownFileType = file.storyboard; name = Base; path = Base.lproj/LaunchScreen.storyboard; sourceTree = "<group>"; };
		AF7102EC2877E63400583E29 /* Info.plist */ = {isa = PBXFileReference; lastKnownFileType = text.plist.xml; path = Info.plist; sourceTree = "<group>"; };
		AF7102F12877E63400583E29 /* DuckyMusicTests.xctest */ = {isa = PBXFileReference; explicitFileType = wrapper.cfbundle; includeInIndex = 0; path = DuckyMusicTests.xctest; sourceTree = BUILT_PRODUCTS_DIR; };
		AF7102F52877E63400583E29 /* DuckyMusicTests.swift */ = {isa = PBXFileReference; lastKnownFileType = sourcecode.swift; path = DuckyMusicTests.swift; sourceTree = "<group>"; };
		AF7102FB2877E63400583E29 /* DuckyMusicUITests.xctest */ = {isa = PBXFileReference; explicitFileType = wrapper.cfbundle; includeInIndex = 0; path = DuckyMusicUITests.xctest; sourceTree = BUILT_PRODUCTS_DIR; };
		AF7102FF2877E63400583E29 /* DuckyMusicUITests.swift */ = {isa = PBXFileReference; lastKnownFileType = sourcecode.swift; path = DuckyMusicUITests.swift; sourceTree = "<group>"; };
		AF7103012877E63400583E29 /* DuckyMusicUITestsLaunchTests.swift */ = {isa = PBXFileReference; lastKnownFileType = sourcecode.swift; path = DuckyMusicUITestsLaunchTests.swift; sourceTree = "<group>"; };
		AF71030E2877E6FB00583E29 /* AudioPlayerViewController.swift */ = {isa = PBXFileReference; lastKnownFileType = sourcecode.swift; path = AudioPlayerViewController.swift; sourceTree = "<group>"; };
		AF71030F2877E6FB00583E29 /* AudioPlayerViewController.xib */ = {isa = PBXFileReference; lastKnownFileType = file.xib; path = AudioPlayerViewController.xib; sourceTree = "<group>"; };
		AFF93372287C0289002A45A2 /* MainCoordinator.swift */ = {isa = PBXFileReference; lastKnownFileType = sourcecode.swift; path = MainCoordinator.swift; sourceTree = "<group>"; };
		AFF93374287C04E6002A45A2 /* Track.swift */ = {isa = PBXFileReference; lastKnownFileType = sourcecode.swift; path = Track.swift; sourceTree = "<group>"; };
		AFF93377287E6E52002A45A2 /* PlayListViewController.swift */ = {isa = PBXFileReference; lastKnownFileType = sourcecode.swift; path = PlayListViewController.swift; sourceTree = "<group>"; };
		AFF93378287E6E52002A45A2 /* PlayListViewController.xib */ = {isa = PBXFileReference; lastKnownFileType = file.xib; path = PlayListViewController.xib; sourceTree = "<group>"; };
		AFF9337B287E6EA3002A45A2 /* TrackCell.swift */ = {isa = PBXFileReference; lastKnownFileType = sourcecode.swift; path = TrackCell.swift; sourceTree = "<group>"; };
		AFF9337C287E6EA3002A45A2 /* TrackCell.xib */ = {isa = PBXFileReference; lastKnownFileType = file.xib; path = TrackCell.xib; sourceTree = "<group>"; };
		AFF93380287E84C5002A45A2 /* Double.ext.swift */ = {isa = PBXFileReference; lastKnownFileType = sourcecode.swift; path = Double.ext.swift; sourceTree = "<group>"; };
		AFF93382287EA5F0002A45A2 /* AudioPlayerViewModel.swift */ = {isa = PBXFileReference; lastKnownFileType = sourcecode.swift; path = AudioPlayerViewModel.swift; sourceTree = "<group>"; };
		AFF93385287EB53C002A45A2 /* LoadingViewController.swift */ = {isa = PBXFileReference; lastKnownFileType = sourcecode.swift; path = LoadingViewController.swift; sourceTree = "<group>"; };
		AFF93386287EB53C002A45A2 /* LoadingViewController.xib */ = {isa = PBXFileReference; lastKnownFileType = file.xib; path = LoadingViewController.xib; sourceTree = "<group>"; };
		AFF93389287EB5E5002A45A2 /* ViewController.ext.swift */ = {isa = PBXFileReference; lastKnownFileType = sourcecode.swift; path = ViewController.ext.swift; sourceTree = "<group>"; };
		EF7C95350C87155568E4A672 /* Pods_DuckyMusicTests.framework */ = {isa = PBXFileReference; explicitFileType = wrapper.framework; includeInIndex = 0; path = Pods_DuckyMusicTests.framework; sourceTree = BUILT_PRODUCTS_DIR; };
		FA3E8AC8B32992FC68DD0A59 /* Pods_DuckyMusic.framework */ = {isa = PBXFileReference; explicitFileType = wrapper.framework; includeInIndex = 0; path = Pods_DuckyMusic.framework; sourceTree = BUILT_PRODUCTS_DIR; };
/* End PBXFileReference section */

/* Begin PBXFrameworksBuildPhase section */
		AF7102D82877E63200583E29 /* Frameworks */ = {
			isa = PBXFrameworksBuildPhase;
			buildActionMask = 2147483647;
			files = (
				D54DECFA4C6F2FD0873018F4 /* Pods_DuckyMusic.framework in Frameworks */,
			);
			runOnlyForDeploymentPostprocessing = 0;
		};
		AF7102EE2877E63400583E29 /* Frameworks */ = {
			isa = PBXFrameworksBuildPhase;
			buildActionMask = 2147483647;
			files = (
				7E47B7A524ADDB903226E036 /* Pods_DuckyMusicTests.framework in Frameworks */,
			);
			runOnlyForDeploymentPostprocessing = 0;
		};
		AF7102F82877E63400583E29 /* Frameworks */ = {
			isa = PBXFrameworksBuildPhase;
			buildActionMask = 2147483647;
			files = (
				6E0EC7B15D326B3A030D8968 /* Pods_DuckyMusic_DuckyMusicUITests.framework in Frameworks */,
			);
			runOnlyForDeploymentPostprocessing = 0;
		};
/* End PBXFrameworksBuildPhase section */

/* Begin PBXGroup section */
		75862AC9FAD94F7E223E8E20 /* Frameworks */ = {
			isa = PBXGroup;
			children = (
				FA3E8AC8B32992FC68DD0A59 /* Pods_DuckyMusic.framework */,
				5834547810DC520CD3C52B72 /* Pods_DuckyMusic_DuckyMusicUITests.framework */,
				EF7C95350C87155568E4A672 /* Pods_DuckyMusicTests.framework */,
			);
			name = Frameworks;
			sourceTree = "<group>";
		};
		925D1D3E892F063CEFAFF841 /* Pods */ = {
			isa = PBXGroup;
			children = (
				7E902E50E1D03331592D2EFD /* Pods-DuckyMusic.debug.xcconfig */,
				0AED8E0B901C0160CA49AF94 /* Pods-DuckyMusic.release.xcconfig */,
				9A6EB1F57155E2C3B45AF0BF /* Pods-DuckyMusic-DuckyMusicUITests.debug.xcconfig */,
				0082E0B20F313A5AE856BCF7 /* Pods-DuckyMusic-DuckyMusicUITests.release.xcconfig */,
				2E624C886723CFC1E8F059F5 /* Pods-DuckyMusicTests.debug.xcconfig */,
				2BAA6E788A9FF9C077CD3587 /* Pods-DuckyMusicTests.release.xcconfig */,
			);
			path = Pods;
			sourceTree = "<group>";
		};
		AF2D9B6F287840FC009B39A5 /* Model */ = {
			isa = PBXGroup;
			children = (
				AF3FFE01288ABDFD0060E94A /* ApiResponse */,
				AF2D9B712878410D009B39A5 /* Album.swift */,
				AF2D9B7328784114009B39A5 /* Artist.swift */,
				AFF93374287C04E6002A45A2 /* Track.swift */,
			);
			path = Model;
			sourceTree = "<group>";
		};
		AF2D9B7028784105009B39A5 /* Router */ = {
			isa = PBXGroup;
			children = (
				AF3C202E287847C40070D6BD /* BaseRouter.swift */,
				AF3C20302878480E0070D6BD /* AlbumRouter.swift */,
				AF3C2032287BD1BF0070D6BD /* SpotifyAuth.swift */,
			);
			path = Router;
			sourceTree = "<group>";
		};
		AF3C203C287BDACD0070D6BD /* NewRelease */ = {
			isa = PBXGroup;
			children = (
				AF3C2035287BD5BA0070D6BD /* NewReleaseViewController.xib */,
				AF3C2034287BD5BA0070D6BD /* NewReleaseViewController.swift */,
				AF3C2038287BD6570070D6BD /* AlbumCellCollectionViewCell.swift */,
				AF3C2039287BD6570070D6BD /* AlbumCellCollectionViewCell.xib */,
			);
			path = NewRelease;
			sourceTree = "<group>";
		};
		AF3FFE01288ABDFD0060E94A /* ApiResponse */ = {
			isa = PBXGroup;
			children = (
				AF3FFE02288ABE2C0060E94A /* SpotifyAuthModel.swift */,
				AF3FFE04288ABE770060E94A /* AlbumRouterModel.swift */,
				AF3FFE06288ABEDD0060E94A /* BaseRouterModel.swift */,
			);
			path = ApiResponse;
			sourceTree = "<group>";
		};
		AF7102D22877E63200583E29 = {
			isa = PBXGroup;
			children = (
				AF7102DD2877E63200583E29 /* DuckyMusic */,
				AF7102F42877E63400583E29 /* DuckyMusicTests */,
				AF7102FE2877E63400583E29 /* DuckyMusicUITests */,
				AF7102DC2877E63200583E29 /* Products */,
				925D1D3E892F063CEFAFF841 /* Pods */,
				75862AC9FAD94F7E223E8E20 /* Frameworks */,
			);
			sourceTree = "<group>";
		};
		AF7102DC2877E63200583E29 /* Products */ = {
			isa = PBXGroup;
			children = (
				AF7102DB2877E63200583E29 /* DuckyMusic.app */,
				AF7102F12877E63400583E29 /* DuckyMusicTests.xctest */,
				AF7102FB2877E63400583E29 /* DuckyMusicUITests.xctest */,
			);
			name = Products;
			sourceTree = "<group>";
		};
		AF7102DD2877E63200583E29 /* DuckyMusic */ = {
			isa = PBXGroup;
			children = (
				AFF9337F287E84B8002A45A2 /* Extension */,
				AFF93371287C026D002A45A2 /* Coordinator */,
				AF2D9B7028784105009B39A5 /* Router */,
				AF2D9B6F287840FC009B39A5 /* Model */,
				AF71031228780DE700583E29 /* Controller */,
				AF7102DE2877E63200583E29 /* AppDelegate.swift */,
				AF7102E02877E63200583E29 /* SceneDelegate.swift */,
				AF7102E72877E63400583E29 /* Assets.xcassets */,
				AF7102E92877E63400583E29 /* LaunchScreen.storyboard */,
				AF7102EC2877E63400583E29 /* Info.plist */,
			);
			path = DuckyMusic;
			sourceTree = "<group>";
		};
		AF7102F42877E63400583E29 /* DuckyMusicTests */ = {
			isa = PBXGroup;
			children = (
				AF7102F52877E63400583E29 /* DuckyMusicTests.swift */,
			);
			path = DuckyMusicTests;
			sourceTree = "<group>";
		};
		AF7102FE2877E63400583E29 /* DuckyMusicUITests */ = {
			isa = PBXGroup;
			children = (
				AF7102FF2877E63400583E29 /* DuckyMusicUITests.swift */,
				AF7103012877E63400583E29 /* DuckyMusicUITestsLaunchTests.swift */,
			);
			path = DuckyMusicUITests;
			sourceTree = "<group>";
		};
		AF71031228780DE700583E29 /* Controller */ = {
			isa = PBXGroup;
			children = (
				AFF93384287EB51F002A45A2 /* Loading */,
				AFF93370287BFFDC002A45A2 /* AudioPlayer */,
				AF3C203C287BDACD0070D6BD /* NewRelease */,
			);
			path = Controller;
			sourceTree = "<group>";
		};
		AFF93370287BFFDC002A45A2 /* AudioPlayer */ = {
			isa = PBXGroup;
			children = (
				AFF93376287E6E40002A45A2 /* PlayList */,
				AF71030F2877E6FB00583E29 /* AudioPlayerViewController.xib */,
				AF71030E2877E6FB00583E29 /* AudioPlayerViewController.swift */,
				AFF93382287EA5F0002A45A2 /* AudioPlayerViewModel.swift */,
			);
			path = AudioPlayer;
			sourceTree = "<group>";
		};
		AFF93371287C026D002A45A2 /* Coordinator */ = {
			isa = PBXGroup;
			children = (
				AFF93372287C0289002A45A2 /* MainCoordinator.swift */,
			);
			path = Coordinator;
			sourceTree = "<group>";
		};
		AFF93376287E6E40002A45A2 /* PlayList */ = {
			isa = PBXGroup;
			children = (
				AFF93377287E6E52002A45A2 /* PlayListViewController.swift */,
				AFF93378287E6E52002A45A2 /* PlayListViewController.xib */,
				AFF9337B287E6EA3002A45A2 /* TrackCell.swift */,
				AFF9337C287E6EA3002A45A2 /* TrackCell.xib */,
			);
			path = PlayList;
			sourceTree = "<group>";
		};
		AFF9337F287E84B8002A45A2 /* Extension */ = {
			isa = PBXGroup;
			children = (
				AFF93380287E84C5002A45A2 /* Double.ext.swift */,
				AFF93389287EB5E5002A45A2 /* ViewController.ext.swift */,
			);
			path = Extension;
			sourceTree = "<group>";
		};
		AFF93384287EB51F002A45A2 /* Loading */ = {
			isa = PBXGroup;
			children = (
				AFF93385287EB53C002A45A2 /* LoadingViewController.swift */,
				AFF93386287EB53C002A45A2 /* LoadingViewController.xib */,
			);
			path = Loading;
			sourceTree = "<group>";
		};
/* End PBXGroup section */

/* Begin PBXNativeTarget section */
		AF7102DA2877E63200583E29 /* DuckyMusic */ = {
			isa = PBXNativeTarget;
			buildConfigurationList = AF7103052877E63400583E29 /* Build configuration list for PBXNativeTarget "DuckyMusic" */;
			buildPhases = (
				DB8A9B2F9788D2EB45FA00C4 /* [CP] Check Pods Manifest.lock */,
				AF7102D72877E63200583E29 /* Sources */,
				AF7102D82877E63200583E29 /* Frameworks */,
				AF7102D92877E63200583E29 /* Resources */,
				FCF10083F759FD193210C529 /* [CP] Embed Pods Frameworks */,
			);
			buildRules = (
			);
			dependencies = (
			);
			name = DuckyMusic;
			productName = DuckyMusic;
			productReference = AF7102DB2877E63200583E29 /* DuckyMusic.app */;
			productType = "com.apple.product-type.application";
		};
		AF7102F02877E63400583E29 /* DuckyMusicTests */ = {
			isa = PBXNativeTarget;
			buildConfigurationList = AF7103082877E63400583E29 /* Build configuration list for PBXNativeTarget "DuckyMusicTests" */;
			buildPhases = (
				DA8F25337BC4CD82B305338D /* [CP] Check Pods Manifest.lock */,
				AF7102ED2877E63400583E29 /* Sources */,
				AF7102EE2877E63400583E29 /* Frameworks */,
				AF7102EF2877E63400583E29 /* Resources */,
			);
			buildRules = (
			);
			dependencies = (
				AF7102F32877E63400583E29 /* PBXTargetDependency */,
			);
			name = DuckyMusicTests;
			productName = DuckyMusicTests;
			productReference = AF7102F12877E63400583E29 /* DuckyMusicTests.xctest */;
			productType = "com.apple.product-type.bundle.unit-test";
		};
		AF7102FA2877E63400583E29 /* DuckyMusicUITests */ = {
			isa = PBXNativeTarget;
			buildConfigurationList = AF71030B2877E63400583E29 /* Build configuration list for PBXNativeTarget "DuckyMusicUITests" */;
			buildPhases = (
				E42945CEB2DE70419B306B8B /* [CP] Check Pods Manifest.lock */,
				AF7102F72877E63400583E29 /* Sources */,
				AF7102F82877E63400583E29 /* Frameworks */,
				AF7102F92877E63400583E29 /* Resources */,
				571E6FAD52523F095D1424CF /* [CP] Embed Pods Frameworks */,
			);
			buildRules = (
			);
			dependencies = (
				AF7102FD2877E63400583E29 /* PBXTargetDependency */,
			);
			name = DuckyMusicUITests;
			productName = DuckyMusicUITests;
			productReference = AF7102FB2877E63400583E29 /* DuckyMusicUITests.xctest */;
			productType = "com.apple.product-type.bundle.ui-testing";
		};
/* End PBXNativeTarget section */

/* Begin PBXProject section */
		AF7102D32877E63200583E29 /* Project object */ = {
			isa = PBXProject;
			attributes = {
				BuildIndependentTargetsInParallel = 1;
				LastSwiftUpdateCheck = 1340;
				LastUpgradeCheck = 1340;
				TargetAttributes = {
					AF7102DA2877E63200583E29 = {
						CreatedOnToolsVersion = 13.4.1;
					};
					AF7102F02877E63400583E29 = {
						CreatedOnToolsVersion = 13.4.1;
						TestTargetID = AF7102DA2877E63200583E29;
					};
					AF7102FA2877E63400583E29 = {
						CreatedOnToolsVersion = 13.4.1;
						TestTargetID = AF7102DA2877E63200583E29;
					};
				};
			};
			buildConfigurationList = AF7102D62877E63200583E29 /* Build configuration list for PBXProject "DuckyMusic" */;
			compatibilityVersion = "Xcode 13.0";
			developmentRegion = en;
			hasScannedForEncodings = 0;
			knownRegions = (
				en,
				Base,
			);
			mainGroup = AF7102D22877E63200583E29;
			productRefGroup = AF7102DC2877E63200583E29 /* Products */;
			projectDirPath = "";
			projectRoot = "";
			targets = (
				AF7102DA2877E63200583E29 /* DuckyMusic */,
				AF7102F02877E63400583E29 /* DuckyMusicTests */,
				AF7102FA2877E63400583E29 /* DuckyMusicUITests */,
			);
		};
/* End PBXProject section */

/* Begin PBXResourcesBuildPhase section */
		AF7102D92877E63200583E29 /* Resources */ = {
			isa = PBXResourcesBuildPhase;
			buildActionMask = 2147483647;
			files = (
				AF7103112877E6FB00583E29 /* AudioPlayerViewController.xib in Resources */,
				AF3C203B287BD6570070D6BD /* AlbumCellCollectionViewCell.xib in Resources */,
				AF7102EB2877E63400583E29 /* LaunchScreen.storyboard in Resources */,
				AFF9337E287E6EA3002A45A2 /* TrackCell.xib in Resources */,
				AF7102E82877E63400583E29 /* Assets.xcassets in Resources */,
				AFF9337A287E6E52002A45A2 /* PlayListViewController.xib in Resources */,
				AF3C2037287BD5BA0070D6BD /* NewReleaseViewController.xib in Resources */,
				AFF93388287EB53C002A45A2 /* LoadingViewController.xib in Resources */,
			);
			runOnlyForDeploymentPostprocessing = 0;
		};
		AF7102EF2877E63400583E29 /* Resources */ = {
			isa = PBXResourcesBuildPhase;
			buildActionMask = 2147483647;
			files = (
			);
			runOnlyForDeploymentPostprocessing = 0;
		};
		AF7102F92877E63400583E29 /* Resources */ = {
			isa = PBXResourcesBuildPhase;
			buildActionMask = 2147483647;
			files = (
			);
			runOnlyForDeploymentPostprocessing = 0;
		};
/* End PBXResourcesBuildPhase section */

/* Begin PBXShellScriptBuildPhase section */
		571E6FAD52523F095D1424CF /* [CP] Embed Pods Frameworks */ = {
			isa = PBXShellScriptBuildPhase;
			buildActionMask = 2147483647;
			files = (
			);
			inputFileListPaths = (
				"${PODS_ROOT}/Target Support Files/Pods-DuckyMusic-DuckyMusicUITests/Pods-DuckyMusic-DuckyMusicUITests-frameworks-${CONFIGURATION}-input-files.xcfilelist",
			);
			name = "[CP] Embed Pods Frameworks";
			outputFileListPaths = (
				"${PODS_ROOT}/Target Support Files/Pods-DuckyMusic-DuckyMusicUITests/Pods-DuckyMusic-DuckyMusicUITests-frameworks-${CONFIGURATION}-output-files.xcfilelist",
			);
			runOnlyForDeploymentPostprocessing = 0;
			shellPath = /bin/sh;
			shellScript = "\"${PODS_ROOT}/Target Support Files/Pods-DuckyMusic-DuckyMusicUITests/Pods-DuckyMusic-DuckyMusicUITests-frameworks.sh\"\n";
			showEnvVarsInLog = 0;
		};
		DA8F25337BC4CD82B305338D /* [CP] Check Pods Manifest.lock */ = {
			isa = PBXShellScriptBuildPhase;
			buildActionMask = 2147483647;
			files = (
			);
			inputFileListPaths = (
			);
			inputPaths = (
				"${PODS_PODFILE_DIR_PATH}/Podfile.lock",
				"${PODS_ROOT}/Manifest.lock",
			);
			name = "[CP] Check Pods Manifest.lock";
			outputFileListPaths = (
			);
			outputPaths = (
				"$(DERIVED_FILE_DIR)/Pods-DuckyMusicTests-checkManifestLockResult.txt",
			);
			runOnlyForDeploymentPostprocessing = 0;
			shellPath = /bin/sh;
			shellScript = "diff \"${PODS_PODFILE_DIR_PATH}/Podfile.lock\" \"${PODS_ROOT}/Manifest.lock\" > /dev/null\nif [ $? != 0 ] ; then\n    # print error to STDERR\n    echo \"error: The sandbox is not in sync with the Podfile.lock. Run 'pod install' or update your CocoaPods installation.\" >&2\n    exit 1\nfi\n# This output is used by Xcode 'outputs' to avoid re-running this script phase.\necho \"SUCCESS\" > \"${SCRIPT_OUTPUT_FILE_0}\"\n";
			showEnvVarsInLog = 0;
		};
		DB8A9B2F9788D2EB45FA00C4 /* [CP] Check Pods Manifest.lock */ = {
			isa = PBXShellScriptBuildPhase;
			buildActionMask = 2147483647;
			files = (
			);
			inputFileListPaths = (
			);
			inputPaths = (
				"${PODS_PODFILE_DIR_PATH}/Podfile.lock",
				"${PODS_ROOT}/Manifest.lock",
			);
			name = "[CP] Check Pods Manifest.lock";
			outputFileListPaths = (
			);
			outputPaths = (
				"$(DERIVED_FILE_DIR)/Pods-DuckyMusic-checkManifestLockResult.txt",
			);
			runOnlyForDeploymentPostprocessing = 0;
			shellPath = /bin/sh;
			shellScript = "diff \"${PODS_PODFILE_DIR_PATH}/Podfile.lock\" \"${PODS_ROOT}/Manifest.lock\" > /dev/null\nif [ $? != 0 ] ; then\n    # print error to STDERR\n    echo \"error: The sandbox is not in sync with the Podfile.lock. Run 'pod install' or update your CocoaPods installation.\" >&2\n    exit 1\nfi\n# This output is used by Xcode 'outputs' to avoid re-running this script phase.\necho \"SUCCESS\" > \"${SCRIPT_OUTPUT_FILE_0}\"\n";
			showEnvVarsInLog = 0;
		};
		E42945CEB2DE70419B306B8B /* [CP] Check Pods Manifest.lock */ = {
			isa = PBXShellScriptBuildPhase;
			buildActionMask = 2147483647;
			files = (
			);
			inputFileListPaths = (
			);
			inputPaths = (
				"${PODS_PODFILE_DIR_PATH}/Podfile.lock",
				"${PODS_ROOT}/Manifest.lock",
			);
			name = "[CP] Check Pods Manifest.lock";
			outputFileListPaths = (
			);
			outputPaths = (
				"$(DERIVED_FILE_DIR)/Pods-DuckyMusic-DuckyMusicUITests-checkManifestLockResult.txt",
			);
			runOnlyForDeploymentPostprocessing = 0;
			shellPath = /bin/sh;
			shellScript = "diff \"${PODS_PODFILE_DIR_PATH}/Podfile.lock\" \"${PODS_ROOT}/Manifest.lock\" > /dev/null\nif [ $? != 0 ] ; then\n    # print error to STDERR\n    echo \"error: The sandbox is not in sync with the Podfile.lock. Run 'pod install' or update your CocoaPods installation.\" >&2\n    exit 1\nfi\n# This output is used by Xcode 'outputs' to avoid re-running this script phase.\necho \"SUCCESS\" > \"${SCRIPT_OUTPUT_FILE_0}\"\n";
			showEnvVarsInLog = 0;
		};
		FCF10083F759FD193210C529 /* [CP] Embed Pods Frameworks */ = {
			isa = PBXShellScriptBuildPhase;
			buildActionMask = 2147483647;
			files = (
			);
			inputFileListPaths = (
				"${PODS_ROOT}/Target Support Files/Pods-DuckyMusic/Pods-DuckyMusic-frameworks-${CONFIGURATION}-input-files.xcfilelist",
			);
			name = "[CP] Embed Pods Frameworks";
			outputFileListPaths = (
				"${PODS_ROOT}/Target Support Files/Pods-DuckyMusic/Pods-DuckyMusic-frameworks-${CONFIGURATION}-output-files.xcfilelist",
			);
			runOnlyForDeploymentPostprocessing = 0;
			shellPath = /bin/sh;
			shellScript = "\"${PODS_ROOT}/Target Support Files/Pods-DuckyMusic/Pods-DuckyMusic-frameworks.sh\"\n";
			showEnvVarsInLog = 0;
		};
/* End PBXShellScriptBuildPhase section */

/* Begin PBXSourcesBuildPhase section */
		AF7102D72877E63200583E29 /* Sources */ = {
			isa = PBXSourcesBuildPhase;
			buildActionMask = 2147483647;
			files = (
				AFF93383287EA5F0002A45A2 /* AudioPlayerViewModel.swift in Sources */,
				AF3C203A287BD6570070D6BD /* AlbumCellCollectionViewCell.swift in Sources */,
				AFF93387287EB53C002A45A2 /* LoadingViewController.swift in Sources */,
				AF7103102877E6FB00583E29 /* AudioPlayerViewController.swift in Sources */,
				AF3C202F287847C40070D6BD /* BaseRouter.swift in Sources */,
				AF7102DF2877E63200583E29 /* AppDelegate.swift in Sources */,
				AFF93381287E84C5002A45A2 /* Double.ext.swift in Sources */,
				AF7102E12877E63200583E29 /* SceneDelegate.swift in Sources */,
				AF3FFE05288ABE770060E94A /* AlbumRouterModel.swift in Sources */,
				AFF93373287C0289002A45A2 /* MainCoordinator.swift in Sources */,
				AF3C2033287BD1BF0070D6BD /* SpotifyAuth.swift in Sources */,
				AF3FFE03288ABE2C0060E94A /* SpotifyAuthModel.swift in Sources */,
				AFF9337D287E6EA3002A45A2 /* TrackCell.swift in Sources */,
				AF3FFE07288ABEDD0060E94A /* BaseRouterModel.swift in Sources */,
				AFF9338A287EB5E5002A45A2 /* ViewController.ext.swift in Sources */,
				AF3C2036287BD5BA0070D6BD /* NewReleaseViewController.swift in Sources */,
				AF3C20312878480E0070D6BD /* AlbumRouter.swift in Sources */,
				AF2D9B7428784114009B39A5 /* Artist.swift in Sources */,
				AF2D9B722878410D009B39A5 /* Album.swift in Sources */,
				AFF93379287E6E52002A45A2 /* PlayListViewController.swift in Sources */,
				AFF93375287C04E6002A45A2 /* Track.swift in Sources */,
			);
			runOnlyForDeploymentPostprocessing = 0;
		};
		AF7102ED2877E63400583E29 /* Sources */ = {
			isa = PBXSourcesBuildPhase;
			buildActionMask = 2147483647;
			files = (
				AF7102F62877E63400583E29 /* DuckyMusicTests.swift in Sources */,
			);
			runOnlyForDeploymentPostprocessing = 0;
		};
		AF7102F72877E63400583E29 /* Sources */ = {
			isa = PBXSourcesBuildPhase;
			buildActionMask = 2147483647;
			files = (
				AF7103002877E63400583E29 /* DuckyMusicUITests.swift in Sources */,
				AF7103022877E63400583E29 /* DuckyMusicUITestsLaunchTests.swift in Sources */,
			);
			runOnlyForDeploymentPostprocessing = 0;
		};
/* End PBXSourcesBuildPhase section */

/* Begin PBXTargetDependency section */
		AF7102F32877E63400583E29 /* PBXTargetDependency */ = {
			isa = PBXTargetDependency;
			target = AF7102DA2877E63200583E29 /* DuckyMusic */;
			targetProxy = AF7102F22877E63400583E29 /* PBXContainerItemProxy */;
		};
		AF7102FD2877E63400583E29 /* PBXTargetDependency */ = {
			isa = PBXTargetDependency;
			target = AF7102DA2877E63200583E29 /* DuckyMusic */;
			targetProxy = AF7102FC2877E63400583E29 /* PBXContainerItemProxy */;
		};
/* End PBXTargetDependency section */

/* Begin PBXVariantGroup section */
		AF7102E92877E63400583E29 /* LaunchScreen.storyboard */ = {
			isa = PBXVariantGroup;
			children = (
				AF7102EA2877E63400583E29 /* Base */,
			);
			name = LaunchScreen.storyboard;
			sourceTree = "<group>";
		};
/* End PBXVariantGroup section */

/* Begin XCBuildConfiguration section */
		AF7103032877E63400583E29 /* Debug */ = {
			isa = XCBuildConfiguration;
			buildSettings = {
				ALWAYS_SEARCH_USER_PATHS = NO;
				CLANG_ANALYZER_NONNULL = YES;
				CLANG_ANALYZER_NUMBER_OBJECT_CONVERSION = YES_AGGRESSIVE;
				CLANG_CXX_LANGUAGE_STANDARD = "gnu++17";
				CLANG_ENABLE_MODULES = YES;
				CLANG_ENABLE_OBJC_ARC = YES;
				CLANG_ENABLE_OBJC_WEAK = YES;
				CLANG_WARN_BLOCK_CAPTURE_AUTORELEASING = YES;
				CLANG_WARN_BOOL_CONVERSION = YES;
				CLANG_WARN_COMMA = YES;
				CLANG_WARN_CONSTANT_CONVERSION = YES;
				CLANG_WARN_DEPRECATED_OBJC_IMPLEMENTATIONS = YES;
				CLANG_WARN_DIRECT_OBJC_ISA_USAGE = YES_ERROR;
				CLANG_WARN_DOCUMENTATION_COMMENTS = YES;
				CLANG_WARN_EMPTY_BODY = YES;
				CLANG_WARN_ENUM_CONVERSION = YES;
				CLANG_WARN_INFINITE_RECURSION = YES;
				CLANG_WARN_INT_CONVERSION = YES;
				CLANG_WARN_NON_LITERAL_NULL_CONVERSION = YES;
				CLANG_WARN_OBJC_IMPLICIT_RETAIN_SELF = YES;
				CLANG_WARN_OBJC_LITERAL_CONVERSION = YES;
				CLANG_WARN_OBJC_ROOT_CLASS = YES_ERROR;
				CLANG_WARN_QUOTED_INCLUDE_IN_FRAMEWORK_HEADER = YES;
				CLANG_WARN_RANGE_LOOP_ANALYSIS = YES;
				CLANG_WARN_STRICT_PROTOTYPES = YES;
				CLANG_WARN_SUSPICIOUS_MOVE = YES;
				CLANG_WARN_UNGUARDED_AVAILABILITY = YES_AGGRESSIVE;
				CLANG_WARN_UNREACHABLE_CODE = YES;
				CLANG_WARN__DUPLICATE_METHOD_MATCH = YES;
				COPY_PHASE_STRIP = NO;
				DEBUG_INFORMATION_FORMAT = dwarf;
				ENABLE_STRICT_OBJC_MSGSEND = YES;
				ENABLE_TESTABILITY = YES;
				GCC_C_LANGUAGE_STANDARD = gnu11;
				GCC_DYNAMIC_NO_PIC = NO;
				GCC_NO_COMMON_BLOCKS = YES;
				GCC_OPTIMIZATION_LEVEL = 0;
				GCC_PREPROCESSOR_DEFINITIONS = (
					"DEBUG=1",
					"$(inherited)",
				);
				GCC_WARN_64_TO_32_BIT_CONVERSION = YES;
				GCC_WARN_ABOUT_RETURN_TYPE = YES_ERROR;
				GCC_WARN_UNDECLARED_SELECTOR = YES;
				GCC_WARN_UNINITIALIZED_AUTOS = YES_AGGRESSIVE;
				GCC_WARN_UNUSED_FUNCTION = YES;
				GCC_WARN_UNUSED_VARIABLE = YES;
				IPHONEOS_DEPLOYMENT_TARGET = 15.5;
				MTL_ENABLE_DEBUG_INFO = INCLUDE_SOURCE;
				MTL_FAST_MATH = YES;
				ONLY_ACTIVE_ARCH = YES;
				SDKROOT = iphoneos;
				SWIFT_ACTIVE_COMPILATION_CONDITIONS = DEBUG;
				SWIFT_OPTIMIZATION_LEVEL = "-Onone";
			};
			name = Debug;
		};
		AF7103042877E63400583E29 /* Release */ = {
			isa = XCBuildConfiguration;
			buildSettings = {
				ALWAYS_SEARCH_USER_PATHS = NO;
				CLANG_ANALYZER_NONNULL = YES;
				CLANG_ANALYZER_NUMBER_OBJECT_CONVERSION = YES_AGGRESSIVE;
				CLANG_CXX_LANGUAGE_STANDARD = "gnu++17";
				CLANG_ENABLE_MODULES = YES;
				CLANG_ENABLE_OBJC_ARC = YES;
				CLANG_ENABLE_OBJC_WEAK = YES;
				CLANG_WARN_BLOCK_CAPTURE_AUTORELEASING = YES;
				CLANG_WARN_BOOL_CONVERSION = YES;
				CLANG_WARN_COMMA = YES;
				CLANG_WARN_CONSTANT_CONVERSION = YES;
				CLANG_WARN_DEPRECATED_OBJC_IMPLEMENTATIONS = YES;
				CLANG_WARN_DIRECT_OBJC_ISA_USAGE = YES_ERROR;
				CLANG_WARN_DOCUMENTATION_COMMENTS = YES;
				CLANG_WARN_EMPTY_BODY = YES;
				CLANG_WARN_ENUM_CONVERSION = YES;
				CLANG_WARN_INFINITE_RECURSION = YES;
				CLANG_WARN_INT_CONVERSION = YES;
				CLANG_WARN_NON_LITERAL_NULL_CONVERSION = YES;
				CLANG_WARN_OBJC_IMPLICIT_RETAIN_SELF = YES;
				CLANG_WARN_OBJC_LITERAL_CONVERSION = YES;
				CLANG_WARN_OBJC_ROOT_CLASS = YES_ERROR;
				CLANG_WARN_QUOTED_INCLUDE_IN_FRAMEWORK_HEADER = YES;
				CLANG_WARN_RANGE_LOOP_ANALYSIS = YES;
				CLANG_WARN_STRICT_PROTOTYPES = YES;
				CLANG_WARN_SUSPICIOUS_MOVE = YES;
				CLANG_WARN_UNGUARDED_AVAILABILITY = YES_AGGRESSIVE;
				CLANG_WARN_UNREACHABLE_CODE = YES;
				CLANG_WARN__DUPLICATE_METHOD_MATCH = YES;
				COPY_PHASE_STRIP = NO;
				DEBUG_INFORMATION_FORMAT = "dwarf-with-dsym";
				ENABLE_NS_ASSERTIONS = NO;
				ENABLE_STRICT_OBJC_MSGSEND = YES;
				GCC_C_LANGUAGE_STANDARD = gnu11;
				GCC_NO_COMMON_BLOCKS = YES;
				GCC_WARN_64_TO_32_BIT_CONVERSION = YES;
				GCC_WARN_ABOUT_RETURN_TYPE = YES_ERROR;
				GCC_WARN_UNDECLARED_SELECTOR = YES;
				GCC_WARN_UNINITIALIZED_AUTOS = YES_AGGRESSIVE;
				GCC_WARN_UNUSED_FUNCTION = YES;
				GCC_WARN_UNUSED_VARIABLE = YES;
				IPHONEOS_DEPLOYMENT_TARGET = 15.5;
				MTL_ENABLE_DEBUG_INFO = NO;
				MTL_FAST_MATH = YES;
				SDKROOT = iphoneos;
				SWIFT_COMPILATION_MODE = wholemodule;
				SWIFT_OPTIMIZATION_LEVEL = "-O";
				VALIDATE_PRODUCT = YES;
			};
			name = Release;
		};
		AF7103062877E63400583E29 /* Debug */ = {
			isa = XCBuildConfiguration;
			baseConfigurationReference = 7E902E50E1D03331592D2EFD /* Pods-DuckyMusic.debug.xcconfig */;
			buildSettings = {
				ASSETCATALOG_COMPILER_APPICON_NAME = AppIcon;
				ASSETCATALOG_COMPILER_GLOBAL_ACCENT_COLOR_NAME = AccentColor;
				CODE_SIGN_STYLE = Automatic;
				CURRENT_PROJECT_VERSION = 1;
				GENERATE_INFOPLIST_FILE = YES;
				INFOPLIST_FILE = DuckyMusic/Info.plist;
				INFOPLIST_KEY_UIApplicationSupportsIndirectInputEvents = YES;
				INFOPLIST_KEY_UILaunchStoryboardName = LaunchScreen;
				INFOPLIST_KEY_UISupportedInterfaceOrientations_iPad = "UIInterfaceOrientationPortrait UIInterfaceOrientationPortraitUpsideDown UIInterfaceOrientationLandscapeLeft UIInterfaceOrientationLandscapeRight";
				INFOPLIST_KEY_UISupportedInterfaceOrientations_iPhone = "UIInterfaceOrientationPortrait UIInterfaceOrientationLandscapeLeft UIInterfaceOrientationLandscapeRight";
				LD_RUNPATH_SEARCH_PATHS = (
					"$(inherited)",
					"@executable_path/Frameworks",
				);
				MARKETING_VERSION = 1.0;
				PRODUCT_BUNDLE_IDENTIFIER = ducksern.DuckyMusic;
				PRODUCT_NAME = "$(TARGET_NAME)";
				SWIFT_EMIT_LOC_STRINGS = YES;
				SWIFT_VERSION = 5.0;
				TARGETED_DEVICE_FAMILY = "1,2";
			};
			name = Debug;
		};
		AF7103072877E63400583E29 /* Release */ = {
			isa = XCBuildConfiguration;
			baseConfigurationReference = 0AED8E0B901C0160CA49AF94 /* Pods-DuckyMusic.release.xcconfig */;
			buildSettings = {
				ASSETCATALOG_COMPILER_APPICON_NAME = AppIcon;
				ASSETCATALOG_COMPILER_GLOBAL_ACCENT_COLOR_NAME = AccentColor;
				CODE_SIGN_STYLE = Automatic;
				CURRENT_PROJECT_VERSION = 1;
				GENERATE_INFOPLIST_FILE = YES;
				INFOPLIST_FILE = DuckyMusic/Info.plist;
				INFOPLIST_KEY_UIApplicationSupportsIndirectInputEvents = YES;
				INFOPLIST_KEY_UILaunchStoryboardName = LaunchScreen;
				INFOPLIST_KEY_UISupportedInterfaceOrientations_iPad = "UIInterfaceOrientationPortrait UIInterfaceOrientationPortraitUpsideDown UIInterfaceOrientationLandscapeLeft UIInterfaceOrientationLandscapeRight";
				INFOPLIST_KEY_UISupportedInterfaceOrientations_iPhone = "UIInterfaceOrientationPortrait UIInterfaceOrientationLandscapeLeft UIInterfaceOrientationLandscapeRight";
				LD_RUNPATH_SEARCH_PATHS = (
					"$(inherited)",
					"@executable_path/Frameworks",
				);
				MARKETING_VERSION = 1.0;
				PRODUCT_BUNDLE_IDENTIFIER = ducksern.DuckyMusic;
				PRODUCT_NAME = "$(TARGET_NAME)";
				SWIFT_EMIT_LOC_STRINGS = YES;
				SWIFT_VERSION = 5.0;
				TARGETED_DEVICE_FAMILY = "1,2";
			};
			name = Release;
		};
		AF7103092877E63400583E29 /* Debug */ = {
			isa = XCBuildConfiguration;
			baseConfigurationReference = 2E624C886723CFC1E8F059F5 /* Pods-DuckyMusicTests.debug.xcconfig */;
			buildSettings = {
				ALWAYS_EMBED_SWIFT_STANDARD_LIBRARIES = YES;
				BUNDLE_LOADER = "$(TEST_HOST)";
				CODE_SIGN_STYLE = Automatic;
				CURRENT_PROJECT_VERSION = 1;
				GENERATE_INFOPLIST_FILE = YES;
				IPHONEOS_DEPLOYMENT_TARGET = 15.5;
				MARKETING_VERSION = 1.0;
				PRODUCT_BUNDLE_IDENTIFIER = ducksern.DuckyMusicTests;
				PRODUCT_NAME = "$(TARGET_NAME)";
				SWIFT_EMIT_LOC_STRINGS = NO;
				SWIFT_VERSION = 5.0;
				TARGETED_DEVICE_FAMILY = "1,2";
				TEST_HOST = "$(BUILT_PRODUCTS_DIR)/DuckyMusic.app/DuckyMusic";
			};
			name = Debug;
		};
		AF71030A2877E63400583E29 /* Release */ = {
			isa = XCBuildConfiguration;
			baseConfigurationReference = 2BAA6E788A9FF9C077CD3587 /* Pods-DuckyMusicTests.release.xcconfig */;
			buildSettings = {
				ALWAYS_EMBED_SWIFT_STANDARD_LIBRARIES = YES;
				BUNDLE_LOADER = "$(TEST_HOST)";
				CODE_SIGN_STYLE = Automatic;
				CURRENT_PROJECT_VERSION = 1;
				GENERATE_INFOPLIST_FILE = YES;
				IPHONEOS_DEPLOYMENT_TARGET = 15.5;
				MARKETING_VERSION = 1.0;
				PRODUCT_BUNDLE_IDENTIFIER = ducksern.DuckyMusicTests;
				PRODUCT_NAME = "$(TARGET_NAME)";
				SWIFT_EMIT_LOC_STRINGS = NO;
				SWIFT_VERSION = 5.0;
				TARGETED_DEVICE_FAMILY = "1,2";
				TEST_HOST = "$(BUILT_PRODUCTS_DIR)/DuckyMusic.app/DuckyMusic";
			};
			name = Release;
		};
		AF71030C2877E63400583E29 /* Debug */ = {
			isa = XCBuildConfiguration;
			baseConfigurationReference = 9A6EB1F57155E2C3B45AF0BF /* Pods-DuckyMusic-DuckyMusicUITests.debug.xcconfig */;
			buildSettings = {
				ALWAYS_EMBED_SWIFT_STANDARD_LIBRARIES = YES;
				CODE_SIGN_STYLE = Automatic;
				CURRENT_PROJECT_VERSION = 1;
				GENERATE_INFOPLIST_FILE = YES;
				MARKETING_VERSION = 1.0;
				PRODUCT_BUNDLE_IDENTIFIER = ducksern.DuckyMusicUITests;
				PRODUCT_NAME = "$(TARGET_NAME)";
				SWIFT_EMIT_LOC_STRINGS = NO;
				SWIFT_VERSION = 5.0;
				TARGETED_DEVICE_FAMILY = "1,2";
				TEST_TARGET_NAME = DuckyMusic;
			};
			name = Debug;
		};
		AF71030D2877E63400583E29 /* Release */ = {
			isa = XCBuildConfiguration;
			baseConfigurationReference = 0082E0B20F313A5AE856BCF7 /* Pods-DuckyMusic-DuckyMusicUITests.release.xcconfig */;
			buildSettings = {
				ALWAYS_EMBED_SWIFT_STANDARD_LIBRARIES = YES;
				CODE_SIGN_STYLE = Automatic;
				CURRENT_PROJECT_VERSION = 1;
				GENERATE_INFOPLIST_FILE = YES;
				MARKETING_VERSION = 1.0;
				PRODUCT_BUNDLE_IDENTIFIER = ducksern.DuckyMusicUITests;
				PRODUCT_NAME = "$(TARGET_NAME)";
				SWIFT_EMIT_LOC_STRINGS = NO;
				SWIFT_VERSION = 5.0;
				TARGETED_DEVICE_FAMILY = "1,2";
				TEST_TARGET_NAME = DuckyMusic;
			};
			name = Release;
		};
/* End XCBuildConfiguration section */

/* Begin XCConfigurationList section */
		AF7102D62877E63200583E29 /* Build configuration list for PBXProject "DuckyMusic" */ = {
			isa = XCConfigurationList;
			buildConfigurations = (
				AF7103032877E63400583E29 /* Debug */,
				AF7103042877E63400583E29 /* Release */,
			);
			defaultConfigurationIsVisible = 0;
			defaultConfigurationName = Release;
		};
		AF7103052877E63400583E29 /* Build configuration list for PBXNativeTarget "DuckyMusic" */ = {
			isa = XCConfigurationList;
			buildConfigurations = (
				AF7103062877E63400583E29 /* Debug */,
				AF7103072877E63400583E29 /* Release */,
			);
			defaultConfigurationIsVisible = 0;
			defaultConfigurationName = Release;
		};
		AF7103082877E63400583E29 /* Build configuration list for PBXNativeTarget "DuckyMusicTests" */ = {
			isa = XCConfigurationList;
			buildConfigurations = (
				AF7103092877E63400583E29 /* Debug */,
				AF71030A2877E63400583E29 /* Release */,
			);
			defaultConfigurationIsVisible = 0;
			defaultConfigurationName = Release;
		};
		AF71030B2877E63400583E29 /* Build configuration list for PBXNativeTarget "DuckyMusicUITests" */ = {
			isa = XCConfigurationList;
			buildConfigurations = (
				AF71030C2877E63400583E29 /* Debug */,
				AF71030D2877E63400583E29 /* Release */,
			);
			defaultConfigurationIsVisible = 0;
			defaultConfigurationName = Release;
		};
/* End XCConfigurationList section */
	};
	rootObject = AF7102D32877E63200583E29 /* Project object */;
}
